// !$*UTF8*$!
{
	archiveVersion = 1;
	classes = {
	};
	objectVersion = 56;
	objects = {

/* Begin PBXBuildFile section */
		BB8A679529005C3F00408375 /* AppDelegate.swift in Sources */ = {isa = PBXBuildFile; fileRef = BB8A679429005C3F00408375 /* AppDelegate.swift */; };
		BB8A679729005C3F00408375 /* SceneDelegate.swift in Sources */ = {isa = PBXBuildFile; fileRef = BB8A679629005C3F00408375 /* SceneDelegate.swift */; };
		BB8A679929005C3F00408375 /* MainTabBarViewController.swift in Sources */ = {isa = PBXBuildFile; fileRef = BB8A679829005C3F00408375 /* MainTabBarViewController.swift */; };
		BB8A679E29005C4000408375 /* Assets.xcassets in Resources */ = {isa = PBXBuildFile; fileRef = BB8A679D29005C4000408375 /* Assets.xcassets */; };
		BB8A67A129005C4000408375 /* LaunchScreen.storyboard in Resources */ = {isa = PBXBuildFile; fileRef = BB8A679F29005C4000408375 /* LaunchScreen.storyboard */; };
		BB8A67AA29005F4F00408375 /* HomeViewController.swift in Sources */ = {isa = PBXBuildFile; fileRef = BB8A67A929005F4F00408375 /* HomeViewController.swift */; };
		BB8A67AE29005FBE00408375 /* SearchViewController.swift in Sources */ = {isa = PBXBuildFile; fileRef = BB8A67AD29005FBE00408375 /* SearchViewController.swift */; };
		BB8A67B02900600B00408375 /* DownloadsViewController.swift in Sources */ = {isa = PBXBuildFile; fileRef = BB8A67AF2900600B00408375 /* DownloadsViewController.swift */; };
		BB8A67B72900803700408375 /* CollectionViewTableViewCell.swift in Sources */ = {isa = PBXBuildFile; fileRef = BB8A67B62900803700408375 /* CollectionViewTableViewCell.swift */; };
		BB8A67B92900888E00408375 /* HeroHeaderUIView.swift in Sources */ = {isa = PBXBuildFile; fileRef = BB8A67B82900888E00408375 /* HeroHeaderUIView.swift */; };
		BB8A67BB29029F2300408375 /* APICaller.swift in Sources */ = {isa = PBXBuildFile; fileRef = BB8A67BA29029F2300408375 /* APICaller.swift */; };
		BB8A67BD2903210800408375 /* Title.swift in Sources */ = {isa = PBXBuildFile; fileRef = BB8A67BC2903210800408375 /* Title.swift */; };
		BB8A67BF2903269E00408375 /* Extensions.swift in Sources */ = {isa = PBXBuildFile; fileRef = BB8A67BE2903269E00408375 /* Extensions.swift */; };
		BB8A67C32903312300408375 /* TitleCollectionViewCell.swift in Sources */ = {isa = PBXBuildFile; fileRef = BB8A67C22903312300408375 /* TitleCollectionViewCell.swift */; };
		BB8A67C62903332700408375 /* SDWebImage in Frameworks */ = {isa = PBXBuildFile; productRef = BB8A67C52903332700408375 /* SDWebImage */; };
		BB8A67C82903332700408375 /* SDWebImageMapKit in Frameworks */ = {isa = PBXBuildFile; productRef = BB8A67C72903332700408375 /* SDWebImageMapKit */; };
		BB8A67CA2903522200408375 /* UpcomingViewController.swift in Sources */ = {isa = PBXBuildFile; fileRef = BB8A67C92903522200408375 /* UpcomingViewController.swift */; };
		BB8A67CC29036EAC00408375 /* TitleTableViewCell.swift in Sources */ = {isa = PBXBuildFile; fileRef = BB8A67CB29036EAC00408375 /* TitleTableViewCell.swift */; };
		BB8A67CE290375F600408375 /* TitleViewModel.swift in Sources */ = {isa = PBXBuildFile; fileRef = BB8A67CD290375F600408375 /* TitleViewModel.swift */; };
		BB8A67D029055C0100408375 /* SearchResultsViewController.swift in Sources */ = {isa = PBXBuildFile; fileRef = BB8A67CF29055C0100408375 /* SearchResultsViewController.swift */; };
		BB8A67D42905859D00408375 /* YoutubeSearchResponce.swift in Sources */ = {isa = PBXBuildFile; fileRef = BB8A67D32905859D00408375 /* YoutubeSearchResponce.swift */; };
		BB8A67D629058F3200408375 /* TitlePreviewViewController.swift in Sources */ = {isa = PBXBuildFile; fileRef = BB8A67D529058F3200408375 /* TitlePreviewViewController.swift */; };
		BB8A67D8290591E300408375 /* TitlePreviewViewModel.swift in Sources */ = {isa = PBXBuildFile; fileRef = BB8A67D7290591E300408375 /* TitlePreviewViewModel.swift */; };
		BB8A67FE2906C49900408375 /* NetflixCloneModel.xcdatamodeld in Sources */ = {isa = PBXBuildFile; fileRef = BB8A67FC2906C49900408375 /* NetflixCloneModel.xcdatamodeld */; };
		BB8A68002906C74C00408375 /* DataPersistanceManager.swift in Sources */ = {isa = PBXBuildFile; fileRef = BB8A67FF2906C74C00408375 /* DataPersistanceManager.swift */; };
/* End PBXBuildFile section */

/* Begin PBXFileReference section */
		BB8A679129005C3F00408375 /* Netflix Clone.app */ = {isa = PBXFileReference; explicitFileType = wrapper.application; includeInIndex = 0; path = "Netflix Clone.app"; sourceTree = BUILT_PRODUCTS_DIR; };
		BB8A679429005C3F00408375 /* AppDelegate.swift */ = {isa = PBXFileReference; lastKnownFileType = sourcecode.swift; path = AppDelegate.swift; sourceTree = "<group>"; };
		BB8A679629005C3F00408375 /* SceneDelegate.swift */ = {isa = PBXFileReference; lastKnownFileType = sourcecode.swift; path = SceneDelegate.swift; sourceTree = "<group>"; };
		BB8A679829005C3F00408375 /* MainTabBarViewController.swift */ = {isa = PBXFileReference; lastKnownFileType = sourcecode.swift; path = MainTabBarViewController.swift; sourceTree = "<group>"; };
		BB8A679D29005C4000408375 /* Assets.xcassets */ = {isa = PBXFileReference; lastKnownFileType = folder.assetcatalog; path = Assets.xcassets; sourceTree = "<group>"; };
		BB8A67A029005C4000408375 /* Base */ = {isa = PBXFileReference; lastKnownFileType = file.storyboard; name = Base; path = Base.lproj/LaunchScreen.storyboard; sourceTree = "<group>"; };
		BB8A67A229005C4000408375 /* Info.plist */ = {isa = PBXFileReference; lastKnownFileType = text.plist.xml; path = Info.plist; sourceTree = "<group>"; };
		BB8A67A929005F4F00408375 /* HomeViewController.swift */ = {isa = PBXFileReference; lastKnownFileType = sourcecode.swift; path = HomeViewController.swift; sourceTree = "<group>"; };
		BB8A67AD29005FBE00408375 /* SearchViewController.swift */ = {isa = PBXFileReference; lastKnownFileType = sourcecode.swift; path = SearchViewController.swift; sourceTree = "<group>"; };
		BB8A67AF2900600B00408375 /* DownloadsViewController.swift */ = {isa = PBXFileReference; lastKnownFileType = sourcecode.swift; path = DownloadsViewController.swift; sourceTree = "<group>"; };
		BB8A67B62900803700408375 /* CollectionViewTableViewCell.swift */ = {isa = PBXFileReference; lastKnownFileType = sourcecode.swift; path = CollectionViewTableViewCell.swift; sourceTree = "<group>"; };
		BB8A67B82900888E00408375 /* HeroHeaderUIView.swift */ = {isa = PBXFileReference; lastKnownFileType = sourcecode.swift; path = HeroHeaderUIView.swift; sourceTree = "<group>"; };
		BB8A67BA29029F2300408375 /* APICaller.swift */ = {isa = PBXFileReference; lastKnownFileType = sourcecode.swift; path = APICaller.swift; sourceTree = "<group>"; };
		BB8A67BC2903210800408375 /* Title.swift */ = {isa = PBXFileReference; lastKnownFileType = sourcecode.swift; path = Title.swift; sourceTree = "<group>"; };
		BB8A67BE2903269E00408375 /* Extensions.swift */ = {isa = PBXFileReference; lastKnownFileType = sourcecode.swift; path = Extensions.swift; sourceTree = "<group>"; };
		BB8A67C22903312300408375 /* TitleCollectionViewCell.swift */ = {isa = PBXFileReference; lastKnownFileType = sourcecode.swift; path = TitleCollectionViewCell.swift; sourceTree = "<group>"; };
		BB8A67C92903522200408375 /* UpcomingViewController.swift */ = {isa = PBXFileReference; lastKnownFileType = sourcecode.swift; path = UpcomingViewController.swift; sourceTree = "<group>"; };
		BB8A67CB29036EAC00408375 /* TitleTableViewCell.swift */ = {isa = PBXFileReference; lastKnownFileType = sourcecode.swift; path = TitleTableViewCell.swift; sourceTree = "<group>"; };
		BB8A67CD290375F600408375 /* TitleViewModel.swift */ = {isa = PBXFileReference; lastKnownFileType = sourcecode.swift; path = TitleViewModel.swift; sourceTree = "<group>"; };
		BB8A67CF29055C0100408375 /* SearchResultsViewController.swift */ = {isa = PBXFileReference; lastKnownFileType = sourcecode.swift; path = SearchResultsViewController.swift; sourceTree = "<group>"; };
		BB8A67D32905859D00408375 /* YoutubeSearchResponce.swift */ = {isa = PBXFileReference; lastKnownFileType = sourcecode.swift; path = YoutubeSearchResponce.swift; sourceTree = "<group>"; };
		BB8A67D529058F3200408375 /* TitlePreviewViewController.swift */ = {isa = PBXFileReference; lastKnownFileType = sourcecode.swift; path = TitlePreviewViewController.swift; sourceTree = "<group>"; };
		BB8A67D7290591E300408375 /* TitlePreviewViewModel.swift */ = {isa = PBXFileReference; lastKnownFileType = sourcecode.swift; path = TitlePreviewViewModel.swift; sourceTree = "<group>"; };
		BB8A67FD2906C49900408375 /* NetflixCloneModel.xcdatamodel */ = {isa = PBXFileReference; lastKnownFileType = wrapper.xcdatamodel; path = NetflixCloneModel.xcdatamodel; sourceTree = "<group>"; };
		BB8A67FF2906C74C00408375 /* DataPersistanceManager.swift */ = {isa = PBXFileReference; lastKnownFileType = sourcecode.swift; path = DataPersistanceManager.swift; sourceTree = "<group>"; };
/* End PBXFileReference section */

/* Begin PBXFrameworksBuildPhase section */
		BB8A678E29005C3F00408375 /* Frameworks */ = {
			isa = PBXFrameworksBuildPhase;
			buildActionMask = 2147483647;
			files = (
				BB8A67C82903332700408375 /* SDWebImageMapKit in Frameworks */,
				BB8A67C62903332700408375 /* SDWebImage in Frameworks */,
			);
			runOnlyForDeploymentPostprocessing = 0;
		};
/* End PBXFrameworksBuildPhase section */

/* Begin PBXGroup section */
		BB8A678829005C3F00408375 = {
			isa = PBXGroup;
			children = (
				BB8A679329005C3F00408375 /* Netflix Clone */,
				BB8A679229005C3F00408375 /* Products */,
			);
			sourceTree = "<group>";
		};
		BB8A679229005C3F00408375 /* Products */ = {
			isa = PBXGroup;
			children = (
				BB8A679129005C3F00408375 /* Netflix Clone.app */,
			);
			name = Products;
			sourceTree = "<group>";
		};
		BB8A679329005C3F00408375 /* Netflix Clone */ = {
			isa = PBXGroup;
			children = (
				BB8A67B429007FB700408375 /* Resources */,
				BB8A67B529007FCA00408375 /* Manegers */,
				BB8A67B329007F7A00408375 /* Models */,
				BB8A67B129007F5300408375 /* Views */,
				BB8A67B229007F6200408375 /* ViewModels */,
				BB8A67A829005F1B00408375 /* Controllers */,
				BB8A679D29005C4000408375 /* Assets.xcassets */,
				BB8A679F29005C4000408375 /* LaunchScreen.storyboard */,
				BB8A67A229005C4000408375 /* Info.plist */,
				BB8A67FC2906C49900408375 /* NetflixCloneModel.xcdatamodeld */,
			);
			path = "Netflix Clone";
			sourceTree = "<group>";
		};
		BB8A67A829005F1B00408375 /* Controllers */ = {
			isa = PBXGroup;
			children = (
				BB8A67D129055C6100408375 /* General */,
				BB8A67D229055C6900408375 /* Core */,
			);
			path = Controllers;
			sourceTree = "<group>";
		};
		BB8A67B129007F5300408375 /* Views */ = {
			isa = PBXGroup;
			children = (
				BB8A67B62900803700408375 /* CollectionViewTableViewCell.swift */,
				BB8A67B82900888E00408375 /* HeroHeaderUIView.swift */,
				BB8A67C22903312300408375 /* TitleCollectionViewCell.swift */,
				BB8A67CB29036EAC00408375 /* TitleTableViewCell.swift */,
			);
			path = Views;
			sourceTree = "<group>";
		};
		BB8A67B229007F6200408375 /* ViewModels */ = {
			isa = PBXGroup;
			children = (
				BB8A67CD290375F600408375 /* TitleViewModel.swift */,
				BB8A67D7290591E300408375 /* TitlePreviewViewModel.swift */,
			);
			path = ViewModels;
			sourceTree = "<group>";
		};
		BB8A67B329007F7A00408375 /* Models */ = {
			isa = PBXGroup;
			children = (
				BB8A67BC2903210800408375 /* Title.swift */,
				BB8A67D32905859D00408375 /* YoutubeSearchResponce.swift */,
			);
			path = Models;
			sourceTree = "<group>";
		};
		BB8A67B429007FB700408375 /* Resources */ = {
			isa = PBXGroup;
			children = (
				BB8A67BE2903269E00408375 /* Extensions.swift */,
				BB8A679429005C3F00408375 /* AppDelegate.swift */,
				BB8A679629005C3F00408375 /* SceneDelegate.swift */,
			);
			path = Resources;
			sourceTree = "<group>";
		};
		BB8A67B529007FCA00408375 /* Manegers */ = {
			isa = PBXGroup;
			children = (
				BB8A67BA29029F2300408375 /* APICaller.swift */,
				BB8A67FF2906C74C00408375 /* DataPersistanceManager.swift */,
			);
			path = Manegers;
			sourceTree = "<group>";
		};
		BB8A67D129055C6100408375 /* General */ = {
			isa = PBXGroup;
			children = (
				BB8A67CF29055C0100408375 /* SearchResultsViewController.swift */,
				BB8A67D529058F3200408375 /* TitlePreviewViewController.swift */,
			);
			path = General;
			sourceTree = "<group>";
		};
		BB8A67D229055C6900408375 /* Core */ = {
			isa = PBXGroup;
			children = (
				BB8A67A929005F4F00408375 /* HomeViewController.swift */,
				BB8A67C92903522200408375 /* UpcomingViewController.swift */,
				BB8A67AD29005FBE00408375 /* SearchViewController.swift */,
				BB8A67AF2900600B00408375 /* DownloadsViewController.swift */,
				BB8A679829005C3F00408375 /* MainTabBarViewController.swift */,
			);
			path = Core;
			sourceTree = "<group>";
		};
/* End PBXGroup section */

/* Begin PBXNativeTarget section */
		BB8A679029005C3F00408375 /* Netflix Clone */ = {
			isa = PBXNativeTarget;
			buildConfigurationList = BB8A67A529005C4000408375 /* Build configuration list for PBXNativeTarget "Netflix Clone" */;
			buildPhases = (
				BB8A678D29005C3F00408375 /* Sources */,
				BB8A678E29005C3F00408375 /* Frameworks */,
				BB8A678F29005C3F00408375 /* Resources */,
			);
			buildRules = (
			);
			dependencies = (
			);
			name = "Netflix Clone";
			packageProductDependencies = (
				BB8A67C52903332700408375 /* SDWebImage */,
				BB8A67C72903332700408375 /* SDWebImageMapKit */,
			);
			productName = "Netflix Clone";
			productReference = BB8A679129005C3F00408375 /* Netflix Clone.app */;
			productType = "com.apple.product-type.application";
		};
/* End PBXNativeTarget section */

/* Begin PBXProject section */
		BB8A678929005C3F00408375 /* Project object */ = {
			isa = PBXProject;
			attributes = {
				BuildIndependentTargetsInParallel = 1;
				LastSwiftUpdateCheck = 1400;
				LastUpgradeCheck = 1400;
				TargetAttributes = {
					BB8A679029005C3F00408375 = {
						CreatedOnToolsVersion = 14.0;
					};
				};
			};
			buildConfigurationList = BB8A678C29005C3F00408375 /* Build configuration list for PBXProject "Netflix Clone" */;
			compatibilityVersion = "Xcode 14.0";
			developmentRegion = en;
			hasScannedForEncodings = 0;
			knownRegions = (
				en,
				Base,
			);
			mainGroup = BB8A678829005C3F00408375;
			packageReferences = (
				BB8A67C42903332700408375 /* XCRemoteSwiftPackageReference "SDWebImage" */,
			);
			productRefGroup = BB8A679229005C3F00408375 /* Products */;
			projectDirPath = "";
			projectRoot = "";
			targets = (
				BB8A679029005C3F00408375 /* Netflix Clone */,
			);
		};
/* End PBXProject section */

/* Begin PBXResourcesBuildPhase section */
		BB8A678F29005C3F00408375 /* Resources */ = {
			isa = PBXResourcesBuildPhase;
			buildActionMask = 2147483647;
			files = (
				BB8A67A129005C4000408375 /* LaunchScreen.storyboard in Resources */,
				BB8A679E29005C4000408375 /* Assets.xcassets in Resources */,
			);
			runOnlyForDeploymentPostprocessing = 0;
		};
/* End PBXResourcesBuildPhase section */

/* Begin PBXSourcesBuildPhase section */
		BB8A678D29005C3F00408375 /* Sources */ = {
			isa = PBXSourcesBuildPhase;
			buildActionMask = 2147483647;
			files = (
				BB8A67CC29036EAC00408375 /* TitleTableViewCell.swift in Sources */,
				BB8A67AE29005FBE00408375 /* SearchViewController.swift in Sources */,
				BB8A67C32903312300408375 /* TitleCollectionViewCell.swift in Sources */,
				BB8A679929005C3F00408375 /* MainTabBarViewController.swift in Sources */,
				BB8A67D029055C0100408375 /* SearchResultsViewController.swift in Sources */,
				BB8A67B72900803700408375 /* CollectionViewTableViewCell.swift in Sources */,
				BB8A67FE2906C49900408375 /* NetflixCloneModel.xcdatamodeld in Sources */,
				BB8A67BB29029F2300408375 /* APICaller.swift in Sources */,
				BB8A67B92900888E00408375 /* HeroHeaderUIView.swift in Sources */,
				BB8A67B02900600B00408375 /* DownloadsViewController.swift in Sources */,
				BB8A679529005C3F00408375 /* AppDelegate.swift in Sources */,
				BB8A67BF2903269E00408375 /* Extensions.swift in Sources */,
				BB8A68002906C74C00408375 /* DataPersistanceManager.swift in Sources */,
				BB8A679729005C3F00408375 /* SceneDelegate.swift in Sources */,
				BB8A67BD2903210800408375 /* Title.swift in Sources */,
				BB8A67D8290591E300408375 /* TitlePreviewViewModel.swift in Sources */,
				BB8A67CA2903522200408375 /* UpcomingViewController.swift in Sources */,
				BB8A67D629058F3200408375 /* TitlePreviewViewController.swift in Sources */,
				BB8A67AA29005F4F00408375 /* HomeViewController.swift in Sources */,
				BB8A67D42905859D00408375 /* YoutubeSearchResponce.swift in Sources */,
				BB8A67CE290375F600408375 /* TitleViewModel.swift in Sources */,
			);
			runOnlyForDeploymentPostprocessing = 0;
		};
/* End PBXSourcesBuildPhase section */

/* Begin PBXVariantGroup section */
		BB8A679F29005C4000408375 /* LaunchScreen.storyboard */ = {
			isa = PBXVariantGroup;
			children = (
				BB8A67A029005C4000408375 /* Base */,
			);
			name = LaunchScreen.storyboard;
			sourceTree = "<group>";
		};
/* End PBXVariantGroup section */

/* Begin XCBuildConfiguration section */
		BB8A67A329005C4000408375 /* Debug */ = {
			isa = XCBuildConfiguration;
			buildSettings = {
				ALWAYS_SEARCH_USER_PATHS = NO;
				CLANG_ANALYZER_NONNULL = YES;
				CLANG_ANALYZER_NUMBER_OBJECT_CONVERSION = YES_AGGRESSIVE;
				CLANG_CXX_LANGUAGE_STANDARD = "gnu++20";
				CLANG_ENABLE_MODULES = YES;
				CLANG_ENABLE_OBJC_ARC = YES;
				CLANG_ENABLE_OBJC_WEAK = YES;
				CLANG_WARN_BLOCK_CAPTURE_AUTORELEASING = YES;
				CLANG_WARN_BOOL_CONVERSION = YES;
				CLANG_WARN_COMMA = YES;
				CLANG_WARN_CONSTANT_CONVERSION = YES;
				CLANG_WARN_DEPRECATED_OBJC_IMPLEMENTATIONS = YES;
				CLANG_WARN_DIRECT_OBJC_ISA_USAGE = YES_ERROR;
				CLANG_WARN_DOCUMENTATION_COMMENTS = YES;
				CLANG_WARN_EMPTY_BODY = YES;
				CLANG_WARN_ENUM_CONVERSION = YES;
				CLANG_WARN_INFINITE_RECURSION = YES;
				CLANG_WARN_INT_CONVERSION = YES;
				CLANG_WARN_NON_LITERAL_NULL_CONVERSION = YES;
				CLANG_WARN_OBJC_IMPLICIT_RETAIN_SELF = YES;
				CLANG_WARN_OBJC_LITERAL_CONVERSION = YES;
				CLANG_WARN_OBJC_ROOT_CLASS = YES_ERROR;
				CLANG_WARN_QUOTED_INCLUDE_IN_FRAMEWORK_HEADER = YES;
				CLANG_WARN_RANGE_LOOP_ANALYSIS = YES;
				CLANG_WARN_STRICT_PROTOTYPES = YES;
				CLANG_WARN_SUSPICIOUS_MOVE = YES;
				CLANG_WARN_UNGUARDED_AVAILABILITY = YES_AGGRESSIVE;
				CLANG_WARN_UNREACHABLE_CODE = YES;
				CLANG_WARN__DUPLICATE_METHOD_MATCH = YES;
				COPY_PHASE_STRIP = NO;
				DEBUG_INFORMATION_FORMAT = dwarf;
				ENABLE_STRICT_OBJC_MSGSEND = YES;
				ENABLE_TESTABILITY = YES;
				GCC_C_LANGUAGE_STANDARD = gnu11;
				GCC_DYNAMIC_NO_PIC = NO;
				GCC_NO_COMMON_BLOCKS = YES;
				GCC_OPTIMIZATION_LEVEL = 0;
				GCC_PREPROCESSOR_DEFINITIONS = (
					"DEBUG=1",
					"$(inherited)",
				);
				GCC_WARN_64_TO_32_BIT_CONVERSION = YES;
				GCC_WARN_ABOUT_RETURN_TYPE = YES_ERROR;
				GCC_WARN_UNDECLARED_SELECTOR = YES;
				GCC_WARN_UNINITIALIZED_AUTOS = YES_AGGRESSIVE;
				GCC_WARN_UNUSED_FUNCTION = YES;
				GCC_WARN_UNUSED_VARIABLE = YES;
				IPHONEOS_DEPLOYMENT_TARGET = 16.0;
				MTL_ENABLE_DEBUG_INFO = INCLUDE_SOURCE;
				MTL_FAST_MATH = YES;
				ONLY_ACTIVE_ARCH = YES;
				SDKROOT = iphoneos;
				SWIFT_ACTIVE_COMPILATION_CONDITIONS = DEBUG;
				SWIFT_OPTIMIZATION_LEVEL = "-Onone";
			};
			name = Debug;
		};
		BB8A67A429005C4000408375 /* Release */ = {
			isa = XCBuildConfiguration;
			buildSettings = {
				ALWAYS_SEARCH_USER_PATHS = NO;
				CLANG_ANALYZER_NONNULL = YES;
				CLANG_ANALYZER_NUMBER_OBJECT_CONVERSION = YES_AGGRESSIVE;
				CLANG_CXX_LANGUAGE_STANDARD = "gnu++20";
				CLANG_ENABLE_MODULES = YES;
				CLANG_ENABLE_OBJC_ARC = YES;
				CLANG_ENABLE_OBJC_WEAK = YES;
				CLANG_WARN_BLOCK_CAPTURE_AUTORELEASING = YES;
				CLANG_WARN_BOOL_CONVERSION = YES;
				CLANG_WARN_COMMA = YES;
				CLANG_WARN_CONSTANT_CONVERSION = YES;
				CLANG_WARN_DEPRECATED_OBJC_IMPLEMENTATIONS = YES;
				CLANG_WARN_DIRECT_OBJC_ISA_USAGE = YES_ERROR;
				CLANG_WARN_DOCUMENTATION_COMMENTS = YES;
				CLANG_WARN_EMPTY_BODY = YES;
				CLANG_WARN_ENUM_CONVERSION = YES;
				CLANG_WARN_INFINITE_RECURSION = YES;
				CLANG_WARN_INT_CONVERSION = YES;
				CLANG_WARN_NON_LITERAL_NULL_CONVERSION = YES;
				CLANG_WARN_OBJC_IMPLICIT_RETAIN_SELF = YES;
				CLANG_WARN_OBJC_LITERAL_CONVERSION = YES;
				CLANG_WARN_OBJC_ROOT_CLASS = YES_ERROR;
				CLANG_WARN_QUOTED_INCLUDE_IN_FRAMEWORK_HEADER = YES;
				CLANG_WARN_RANGE_LOOP_ANALYSIS = YES;
				CLANG_WARN_STRICT_PROTOTYPES = YES;
				CLANG_WARN_SUSPICIOUS_MOVE = YES;
				CLANG_WARN_UNGUARDED_AVAILABILITY = YES_AGGRESSIVE;
				CLANG_WARN_UNREACHABLE_CODE = YES;
				CLANG_WARN__DUPLICATE_METHOD_MATCH = YES;
				COPY_PHASE_STRIP = NO;
				DEBUG_INFORMATION_FORMAT = "dwarf-with-dsym";
				ENABLE_NS_ASSERTIONS = NO;
				ENABLE_STRICT_OBJC_MSGSEND = YES;
				GCC_C_LANGUAGE_STANDARD = gnu11;
				GCC_NO_COMMON_BLOCKS = YES;
				GCC_WARN_64_TO_32_BIT_CONVERSION = YES;
				GCC_WARN_ABOUT_RETURN_TYPE = YES_ERROR;
				GCC_WARN_UNDECLARED_SELECTOR = YES;
				GCC_WARN_UNINITIALIZED_AUTOS = YES_AGGRESSIVE;
				GCC_WARN_UNUSED_FUNCTION = YES;
				GCC_WARN_UNUSED_VARIABLE = YES;
				IPHONEOS_DEPLOYMENT_TARGET = 16.0;
				MTL_ENABLE_DEBUG_INFO = NO;
				MTL_FAST_MATH = YES;
				SDKROOT = iphoneos;
				SWIFT_COMPILATION_MODE = wholemodule;
				SWIFT_OPTIMIZATION_LEVEL = "-O";
				VALIDATE_PRODUCT = YES;
			};
			name = Release;
		};
		BB8A67A629005C4000408375 /* Debug */ = {
			isa = XCBuildConfiguration;
			buildSettings = {
				ASSETCATALOG_COMPILER_APPICON_NAME = AppIcon;
				ASSETCATALOG_COMPILER_GLOBAL_ACCENT_COLOR_NAME = AccentColor;
				CODE_SIGN_STYLE = Automatic;
				CURRENT_PROJECT_VERSION = 1;
				DEVELOPMENT_TEAM = 8RHSL9Q883;
				GENERATE_INFOPLIST_FILE = YES;
				INFOPLIST_FILE = "Netflix Clone/Info.plist";
				INFOPLIST_KEY_UIApplicationSupportsIndirectInputEvents = YES;
				INFOPLIST_KEY_UILaunchStoryboardName = LaunchScreen;
				INFOPLIST_KEY_UISupportedInterfaceOrientations_iPad = "UIInterfaceOrientationPortrait UIInterfaceOrientationPortraitUpsideDown UIInterfaceOrientationLandscapeLeft UIInterfaceOrientationLandscapeRight";
				INFOPLIST_KEY_UISupportedInterfaceOrientations_iPhone = "UIInterfaceOrientationPortrait UIInterfaceOrientationLandscapeLeft UIInterfaceOrientationLandscapeRight";
				LD_RUNPATH_SEARCH_PATHS = (
					"$(inherited)",
					"@executable_path/Frameworks",
				);
				MARKETING_VERSION = 1.0;
				PRODUCT_BUNDLE_IDENTIFIER = "mycompany.Netflix-Clone";
				PRODUCT_NAME = "$(TARGET_NAME)";
				SWIFT_EMIT_LOC_STRINGS = YES;
				SWIFT_VERSION = 5.0;
				TARGETED_DEVICE_FAMILY = "1,2";
			};
			name = Debug;
		};
		BB8A67A729005C4000408375 /* Release */ = {
			isa = XCBuildConfiguration;
			buildSettings = {
				ASSETCATALOG_COMPILER_APPICON_NAME = AppIcon;
				ASSETCATALOG_COMPILER_GLOBAL_ACCENT_COLOR_NAME = AccentColor;
				CODE_SIGN_STYLE = Automatic;
				CURRENT_PROJECT_VERSION = 1;
				DEVELOPMENT_TEAM = 8RHSL9Q883;
				GENERATE_INFOPLIST_FILE = YES;
				INFOPLIST_FILE = "Netflix Clone/Info.plist";
				INFOPLIST_KEY_UIApplicationSupportsIndirectInputEvents = YES;
				INFOPLIST_KEY_UILaunchStoryboardName = LaunchScreen;
				INFOPLIST_KEY_UISupportedInterfaceOrientations_iPad = "UIInterfaceOrientationPortrait UIInterfaceOrientationPortraitUpsideDown UIInterfaceOrientationLandscapeLeft UIInterfaceOrientationLandscapeRight";
				INFOPLIST_KEY_UISupportedInterfaceOrientations_iPhone = "UIInterfaceOrientationPortrait UIInterfaceOrientationLandscapeLeft UIInterfaceOrientationLandscapeRight";
				LD_RUNPATH_SEARCH_PATHS = (
					"$(inherited)",
					"@executable_path/Frameworks",
				);
				MARKETING_VERSION = 1.0;
				PRODUCT_BUNDLE_IDENTIFIER = "mycompany.Netflix-Clone";
				PRODUCT_NAME = "$(TARGET_NAME)";
				SWIFT_EMIT_LOC_STRINGS = YES;
				SWIFT_VERSION = 5.0;
				TARGETED_DEVICE_FAMILY = "1,2";
			};
			name = Release;
		};
/* End XCBuildConfiguration section */

/* Begin XCConfigurationList section */
		BB8A678C29005C3F00408375 /* Build configuration list for PBXProject "Netflix Clone" */ = {
			isa = XCConfigurationList;
			buildConfigurations = (
				BB8A67A329005C4000408375 /* Debug */,
				BB8A67A429005C4000408375 /* Release */,
			);
			defaultConfigurationIsVisible = 0;
			defaultConfigurationName = Release;
		};
		BB8A67A529005C4000408375 /* Build configuration list for PBXNativeTarget "Netflix Clone" */ = {
			isa = XCConfigurationList;
			buildConfigurations = (
				BB8A67A629005C4000408375 /* Debug */,
				BB8A67A729005C4000408375 /* Release */,
			);
			defaultConfigurationIsVisible = 0;
			defaultConfigurationName = Release;
		};
/* End XCConfigurationList section */

/* Begin XCRemoteSwiftPackageReference section */
		BB8A67C42903332700408375 /* XCRemoteSwiftPackageReference "SDWebImage" */ = {
			isa = XCRemoteSwiftPackageReference;
			repositoryURL = "https://github.com/SDWebImage/SDWebImage.git";
			requirement = {
				kind = upToNextMajorVersion;
				minimumVersion = 5.0.0;
			};
		};
/* End XCRemoteSwiftPackageReference section */

/* Begin XCSwiftPackageProductDependency section */
		BB8A67C52903332700408375 /* SDWebImage */ = {
			isa = XCSwiftPackageProductDependency;
			package = BB8A67C42903332700408375 /* XCRemoteSwiftPackageReference "SDWebImage" */;
			productName = SDWebImage;
		};
		BB8A67C72903332700408375 /* SDWebImageMapKit */ = {
			isa = XCSwiftPackageProductDependency;
			package = BB8A67C42903332700408375 /* XCRemoteSwiftPackageReference "SDWebImage" */;
			productName = SDWebImageMapKit;
		};
/* End XCSwiftPackageProductDependency section */

/* Begin XCVersionGroup section */
		BB8A67FC2906C49900408375 /* NetflixCloneModel.xcdatamodeld */ = {
			isa = XCVersionGroup;
			children = (
				BB8A67FD2906C49900408375 /* NetflixCloneModel.xcdatamodel */,
			);
			currentVersion = BB8A67FD2906C49900408375 /* NetflixCloneModel.xcdatamodel */;
			path = NetflixCloneModel.xcdatamodeld;
			sourceTree = "<group>";
			versionGroupType = wrapper.xcdatamodel;
		};
/* End XCVersionGroup section */
	};
	rootObject = BB8A678929005C3F00408375 /* Project object */;
}
